{
    "requires": true,
    "lockfileVersion": 1,
    "dependencies": {
        "@types/fast-levenshtein": {
            "version": "0.0.1",
            "resolved": "https://registry.npmjs.org/@types/fast-levenshtein/-/fast-levenshtein-0.0.1.tgz",
            "integrity": "sha1-OjYVzxc2Rcj8pY0FHk4ygk5L0oY="
        },
        "@types/node": {
            "version": "10.12.18",
            "resolved": "https://registry.npmjs.org/@types/node/-/node-10.12.18.tgz",
            "integrity": "sha512-fh+pAqt4xRzPfqA6eh3Z2y6fyZavRIumvjhaCL753+TVkGKGhpPeyrJG2JftD0T9q4GF00KjefsQ+PQNDdWQaQ=="
        },
        "@types/node-fetch": {
            "version": "2.1.4",
            "resolved": "https://registry.npmjs.org/@types/node-fetch/-/node-fetch-2.1.4.tgz",
            "integrity": "sha512-tR1ekaXUGpmzOcDXWU9BW73YfA2/VW1DF1FH+wlJ82BbCSnWTbdX+JkqWQXWKIGsFPnPsYadbXfNgz28g+ccWg==",
            "requires": {
                "@types/node": "*"
            }
        },
        "body": {
            "version": "5.1.0",
            "resolved": "https://registry.npmjs.org/body/-/body-5.1.0.tgz",
            "integrity": "sha1-5LoM5BCkaTYyM2dgnstOZVMSUGk=",
            "requires": {
                "continuable-cache": "^0.3.1",
                "error": "^7.0.0",
                "raw-body": "~1.1.0",
                "safe-json-parse": "~1.0.1"
            }
        },
        "bson": {
            "version": "1.1.0",
            "resolved": "https://registry.npmjs.org/bson/-/bson-1.1.0.tgz",
            "integrity": "sha512-9Aeai9TacfNtWXOYarkFJRW2CWo+dRon+fuLZYJmvLV3+MiUp0bEI6IAZfXEIg7/Pl/7IWlLaDnhzTsD81etQA=="
        },
        "bytes": {
            "version": "1.0.0",
            "resolved": "https://registry.npmjs.org/bytes/-/bytes-1.0.0.tgz",
            "integrity": "sha1-NWnt6Lo0MV+rmcPpLLBMciDeH6g="
        },
        "continuable-cache": {
            "version": "0.3.1",
            "resolved": "https://registry.npmjs.org/continuable-cache/-/continuable-cache-0.3.1.tgz",
            "integrity": "sha1-vXJ6f67XfnH/OYWskzUakSczrQ8="
        },
        "debug": {
            "version": "3.2.6",
            "resolved": "https://registry.npmjs.org/debug/-/debug-3.2.6.tgz",
            "integrity": "sha512-mel+jf7nrtEl5Pn1Qx46zARXKDpBbvzezse7p7LqINmdoIk8PYP5SySaxEmYv6TZ0JyEKA1hsCId6DIhgITtWQ==",
            "requires": {
                "ms": "^2.1.1"
            }
        },
        "error": {
            "version": "7.0.2",
            "resolved": "https://registry.npmjs.org/error/-/error-7.0.2.tgz",
            "integrity": "sha1-pfdf/02ZJhJt2sDqXcOOaJFTywI=",
            "requires": {
                "string-template": "~0.2.1",
                "xtend": "~4.0.0"
            }
        },
        "fast-levenshtein": {
            "version": "2.0.6",
            "resolved": "https://registry.npmjs.org/fast-levenshtein/-/fast-levenshtein-2.0.6.tgz",
            "integrity": "sha1-PYpcZog6FqMMqGQ+hR8Zuqd5eRc="
        },
        "json-stringify-safe": {
            "version": "5.0.1",
            "resolved": "https://registry.npmjs.org/json-stringify-safe/-/json-stringify-safe-5.0.1.tgz",
            "integrity": "sha1-Epai1Y/UXxmg9s4B1lcB4sc1tus="
        },
        "luxon": {
            "version": "1.10.0",
            "resolved": "https://registry.npmjs.org/luxon/-/luxon-1.10.0.tgz",
            "integrity": "sha512-ry3GKh//v3isD6oJN5pFWmdh+3GiScwv9q8VgG6fZ2j1guGOol2vVVdo4GBAWCrcq5RHOqSeipqHBnOu/u024Q=="
        },
        "memory-pager": {
            "version": "1.5.0",
            "resolved": "https://registry.npmjs.org/memory-pager/-/memory-pager-1.5.0.tgz",
            "integrity": "sha512-ZS4Bp4r/Zoeq6+NLJpP+0Zzm0pR8whtGPf1XExKLJBAczGMnSi3It14OiNCStjQjM6NU1okjQGSxgEZN8eBYKg==",
            "optional": true
        },
        "mongodb": {
            "version": "3.1.10",
            "resolved": "https://registry.npmjs.org/mongodb/-/mongodb-3.1.10.tgz",
            "integrity": "sha512-Uml42GeFxhTGQVml1XQ4cD0o/rp7J2ROy0fdYUcVitoE7vFqEhKH4TYVqRDpQr/bXtCJVxJdNQC1ntRxNREkPQ==",
            "requires": {
                "mongodb-core": "3.1.9",
                "safe-buffer": "^5.1.2"
            }
        },
        "mongodb-core": {
            "version": "3.1.9",
            "resolved": "https://registry.npmjs.org/mongodb-core/-/mongodb-core-3.1.9.tgz",
            "integrity": "sha512-MJpciDABXMchrZphh3vMcqu8hkNf/Mi+Gk6btOimVg1XMxLXh87j6FAvRm+KmwD1A9fpu3qRQYcbQe4egj23og==",
            "requires": {
                "bson": "^1.1.0",
                "require_optional": "^1.0.1",
                "safe-buffer": "^5.1.2",
                "saslprep": "^1.0.0"
            }
        },
        "ms": {
            "version": "2.1.1",
            "resolved": "https://registry.npmjs.org/ms/-/ms-2.1.1.tgz",
            "integrity": "sha512-tgp+dl5cGk28utYktBsrFqA7HKgrhgPsg6Z/EfhWI4gl1Hwq8B/GmY/0oXZ6nF8hDVesS/FpnYaD/kOWhYQvyg=="
        },
        "node-fetch": {
            "version": "2.3.0",
            "resolved": "https://registry.npmjs.org/node-fetch/-/node-fetch-2.3.0.tgz",
            "integrity": "sha512-MOd8pV3fxENbryESLgVIeaGKrdl+uaYhCSSVkjeOb/31/njTpcis5aWfdqgNlHIrKOLRbMnfPINPOML2CIFeXA=="
        },
        "now": {
            "version": "13.0.4",
            "resolved": "https://registry.npmjs.org/now/-/now-13.0.4.tgz",
            "integrity": "sha512-o7uS6JEdlslP021/zC/5VzrXuCLfFak43AbjSq3l4QcRlyUyXq40hZiLcSsk6m+oZeFY7RpDHWg0vEMYrYLQZQ==",
            "dev": true
        },
        "raw-body": {
            "version": "1.1.7",
            "resolved": "https://registry.npmjs.org/raw-body/-/raw-body-1.1.7.tgz",
            "integrity": "sha1-HQJ8K/oRasxmI7yo8AAWVyqH1CU=",
            "requires": {
                "bytes": "1",
                "string_decoder": "0.10"
            }
        },
        "require_optional": {
            "version": "1.0.1",
            "resolved": "https://registry.npmjs.org/require_optional/-/require_optional-1.0.1.tgz",
            "integrity": "sha512-qhM/y57enGWHAe3v/NcwML6a3/vfESLe/sGM2dII+gEO0BpKRUkWZow/tyloNqJyN6kXSl3RyyM8Ll5D/sJP8g==",
            "requires": {
                "resolve-from": "^2.0.0",
                "semver": "^5.1.0"
            }
        },
        "resolve-from": {
            "version": "2.0.0",
            "resolved": "https://registry.npmjs.org/resolve-from/-/resolve-from-2.0.0.tgz",
            "integrity": "sha1-lICrIOlP+h2egKgEx+oUdhGWa1c="
        },
        "safe-buffer": {
            "version": "5.1.2",
            "resolved": "https://registry.npmjs.org/safe-buffer/-/safe-buffer-5.1.2.tgz",
            "integrity": "sha512-Gd2UZBJDkXlY7GbJxfsE8/nvKkUEU1G38c1siN6QP6a9PT9MmHB8GnpscSmMJSoF8LOIrt8ud/wPtojys4G6+g=="
        },
        "safe-json-parse": {
            "version": "1.0.1",
            "resolved": "https://registry.npmjs.org/safe-json-parse/-/safe-json-parse-1.0.1.tgz",
            "integrity": "sha1-PnZyPjjf3aE8mx0poeB//uSzC1c="
        },
        "saslprep": {
            "version": "1.0.2",
            "resolved": "https://registry.npmjs.org/saslprep/-/saslprep-1.0.2.tgz",
            "integrity": "sha512-4cDsYuAjXssUSjxHKRe4DTZC0agDwsCqcMqtJAQPzC74nJ7LfAJflAtC1Zed5hMzEQKj82d3tuzqdGNRsLJ4Gw==",
            "optional": true,
            "requires": {
                "sparse-bitfield": "^3.0.3"
            }
        },
        "semver": {
            "version": "5.6.0",
            "resolved": "https://registry.npmjs.org/semver/-/semver-5.6.0.tgz",
            "integrity": "sha512-RS9R6R35NYgQn++fkDWaOmqGoj4Ek9gGs+DPxNUZKuwE183xjJroKvyo1IzVFeXvUrvmALy6FWD5xrdJT25gMg=="
        },
        "send-data": {
            "version": "8.0.0",
            "resolved": "https://registry.npmjs.org/send-data/-/send-data-8.0.0.tgz",
            "integrity": "sha1-g5jswfuklTR1eowXpI+lg8qqruw=",
            "requires": {
                "json-stringify-safe": "^5.0.0",
                "xtend": "^4.0.0"
            }
        },
        "sparse-bitfield": {
            "version": "3.0.3",
            "resolved": "https://registry.npmjs.org/sparse-bitfield/-/sparse-bitfield-3.0.3.tgz",
            "integrity": "sha1-/0rm5oZWBWuks+eSqzM004JzyhE=",
            "optional": true,
            "requires": {
                "memory-pager": "^1.0.2"
            }
        },
        "string-template": {
            "version": "0.2.1",
            "resolved": "https://registry.npmjs.org/string-template/-/string-template-0.2.1.tgz",
            "integrity": "sha1-QpMuWYo1LQH8IuwzZ9nYTuxsmt0="
        },
        "string_decoder": {
            "version": "0.10.31",
            "resolved": "https://registry.npmjs.org/string_decoder/-/string_decoder-0.10.31.tgz",
            "integrity": "sha1-YuIDvEF2bGwoyfyEMB2rHFMQ+pQ="
        },
        "xtend": {
            "version": "4.0.1",
            "resolved": "https://registry.npmjs.org/xtend/-/xtend-4.0.1.tgz",
            "integrity": "sha1-pcbVMr5lbiPbgg77lDofBJmNY68="
        },
        "yandex-dialogs-sdk": {
            "version": "2.0.6",
            "resolved": "https://registry.npmjs.org/yandex-dialogs-sdk/-/yandex-dialogs-sdk-2.0.6.tgz",
            "integrity": "sha512-j8mpdfve1050rEerKBIFF5lYOnnDqOJiuTfDKprnTO3bbY9K1me9F83jYmVYEqQi4ijVPOQfuLUTxMGyOSH/UQ==",
            "requires": {
                "@types/fast-levenshtein": "0.0.1",
                "@types/node-fetch": "^2.1.2",
                "debug": "^3.1.0",
                "fast-levenshtein": "^2.0.6",
                "node-fetch": "^2.1.2"
            }
        }
    }
}
